// !$*UTF8*$!
{
	archiveVersion = 1;
	classes = {
	};
	objectVersion = 56;
	objects = {

/* Begin PBXBuildFile section */
		071021972C3485EC00337ED3 /* Library.storyboard in Resources */ = {isa = PBXBuildFile; fileRef = 071021962C3485EC00337ED3 /* Library.storyboard */; };
		071021992C34861F00337ED3 /* Favourite.storyboard in Resources */ = {isa = PBXBuildFile; fileRef = 071021982C34861F00337ED3 /* Favourite.storyboard */; };
		0710219B2C348B8E00337ED3 /* LibraryVC.swift in Sources */ = {isa = PBXBuildFile; fileRef = 0710219A2C348B8E00337ED3 /* LibraryVC.swift */; };
		0710219F2C348CD900337ED3 /* TabBarVC.swift in Sources */ = {isa = PBXBuildFile; fileRef = 0710219E2C348CD900337ED3 /* TabBarVC.swift */; };
		077EC1A62C34B6D600AD02AF /* CellLibraryVC.swift in Sources */ = {isa = PBXBuildFile; fileRef = 077EC1A52C34B6D600AD02AF /* CellLibraryVC.swift */; };
		07A068552C335BC4004F63BB /* SecondViewController.swift in Sources */ = {isa = PBXBuildFile; fileRef = 07A068542C335BC4004F63BB /* SecondViewController.swift */; };
		07F282282C35074600F1B3B7 /* CellFavouriteVC.swift in Sources */ = {isa = PBXBuildFile; fileRef = 07F282272C35074600F1B3B7 /* CellFavouriteVC.swift */; };
		07F2822A2C3507EF00F1B3B7 /* FavouriteVC.swift in Sources */ = {isa = PBXBuildFile; fileRef = 07F282292C3507EF00F1B3B7 /* FavouriteVC.swift */; };
		07F88E302C32F98800EA5404 /* AppDelegate.swift in Sources */ = {isa = PBXBuildFile; fileRef = 07F88E2F2C32F98800EA5404 /* AppDelegate.swift */; };
		07F88E322C32F98800EA5404 /* SceneDelegate.swift in Sources */ = {isa = PBXBuildFile; fileRef = 07F88E312C32F98800EA5404 /* SceneDelegate.swift */; };
		07F88E342C32F98800EA5404 /* ViewController.swift in Sources */ = {isa = PBXBuildFile; fileRef = 07F88E332C32F98800EA5404 /* ViewController.swift */; };
		07F88E372C32F98800EA5404 /* Base in Resources */ = {isa = PBXBuildFile; fileRef = 07F88E362C32F98800EA5404 /* Base */; };
		07F88E392C32F98A00EA5404 /* Assets.xcassets in Resources */ = {isa = PBXBuildFile; fileRef = 07F88E382C32F98A00EA5404 /* Assets.xcassets */; };
		07F88E3C2C32F98A00EA5404 /* Base in Resources */ = {isa = PBXBuildFile; fileRef = 07F88E3B2C32F98A00EA5404 /* Base */; };
		07FC3C442C34D3FF0048FCE7 /* SecLibraryVC.swift in Sources */ = {isa = PBXBuildFile; fileRef = 07FC3C432C34D3FF0048FCE7 /* SecLibraryVC.swift */; };
/* End PBXBuildFile section */

/* Begin PBXFileReference section */
		071021962C3485EC00337ED3 /* Library.storyboard */ = {isa = PBXFileReference; lastKnownFileType = file.storyboard; path = Library.storyboard; sourceTree = "<group>"; };
		071021982C34861F00337ED3 /* Favourite.storyboard */ = {isa = PBXFileReference; lastKnownFileType = file.storyboard; path = Favourite.storyboard; sourceTree = "<group>"; };
		0710219A2C348B8E00337ED3 /* LibraryVC.swift */ = {isa = PBXFileReference; lastKnownFileType = sourcecode.swift; path = LibraryVC.swift; sourceTree = "<group>"; };
		0710219E2C348CD900337ED3 /* TabBarVC.swift */ = {isa = PBXFileReference; lastKnownFileType = sourcecode.swift; path = TabBarVC.swift; sourceTree = "<group>"; };
		077EC1A52C34B6D600AD02AF /* CellLibraryVC.swift */ = {isa = PBXFileReference; lastKnownFileType = sourcecode.swift; path = CellLibraryVC.swift; sourceTree = "<group>"; };
		07A068542C335BC4004F63BB /* SecondViewController.swift */ = {isa = PBXFileReference; lastKnownFileType = sourcecode.swift; path = SecondViewController.swift; sourceTree = "<group>"; };
		07F282272C35074600F1B3B7 /* CellFavouriteVC.swift */ = {isa = PBXFileReference; lastKnownFileType = sourcecode.swift; path = CellFavouriteVC.swift; sourceTree = "<group>"; };
		07F282292C3507EF00F1B3B7 /* FavouriteVC.swift */ = {isa = PBXFileReference; lastKnownFileType = sourcecode.swift; path = FavouriteVC.swift; sourceTree = "<group>"; };
		07F88E2C2C32F98800EA5404 /* HW3.app */ = {isa = PBXFileReference; explicitFileType = wrapper.application; includeInIndex = 0; path = HW3.app; sourceTree = BUILT_PRODUCTS_DIR; };
		07F88E2F2C32F98800EA5404 /* AppDelegate.swift */ = {isa = PBXFileReference; lastKnownFileType = sourcecode.swift; path = AppDelegate.swift; sourceTree = "<group>"; };
		07F88E312C32F98800EA5404 /* SceneDelegate.swift */ = {isa = PBXFileReference; lastKnownFileType = sourcecode.swift; path = SceneDelegate.swift; sourceTree = "<group>"; };
		07F88E332C32F98800EA5404 /* ViewController.swift */ = {isa = PBXFileReference; lastKnownFileType = sourcecode.swift; path = ViewController.swift; sourceTree = "<group>"; };
		07F88E362C32F98800EA5404 /* Base */ = {isa = PBXFileReference; lastKnownFileType = file.storyboard; name = Base; path = Base.lproj/Main.storyboard; sourceTree = "<group>"; };
		07F88E382C32F98A00EA5404 /* Assets.xcassets */ = {isa = PBXFileReference; lastKnownFileType = folder.assetcatalog; path = Assets.xcassets; sourceTree = "<group>"; };
		07F88E3B2C32F98A00EA5404 /* Base */ = {isa = PBXFileReference; lastKnownFileType = file.storyboard; name = Base; path = Base.lproj/LaunchScreen.storyboard; sourceTree = "<group>"; };
		07F88E3D2C32F98A00EA5404 /* Info.plist */ = {isa = PBXFileReference; lastKnownFileType = text.plist.xml; path = Info.plist; sourceTree = "<group>"; };
		07FC3C432C34D3FF0048FCE7 /* SecLibraryVC.swift */ = {isa = PBXFileReference; lastKnownFileType = sourcecode.swift; path = SecLibraryVC.swift; sourceTree = "<group>"; };
/* End PBXFileReference section */

/* Begin PBXFrameworksBuildPhase section */
		07F88E292C32F98800EA5404 /* Frameworks */ = {
			isa = PBXFrameworksBuildPhase;
			buildActionMask = 2147483647;
			files = (
			);
			runOnlyForDeploymentPostprocessing = 0;
		};
/* End PBXFrameworksBuildPhase section */

/* Begin PBXGroup section */
		07F88E232C32F98800EA5404 = {
			isa = PBXGroup;
			children = (
				07F88E2E2C32F98800EA5404 /* HW2 */,
				07F88E2D2C32F98800EA5404 /* Products */,
			);
			sourceTree = "<group>";
		};
		07F88E2D2C32F98800EA5404 /* Products */ = {
			isa = PBXGroup;
			children = (
				07F88E2C2C32F98800EA5404 /* HW3.app */,
			);
			name = Products;
			sourceTree = "<group>";
		};
		07F88E2E2C32F98800EA5404 /* HW2 */ = {
			isa = PBXGroup;
			children = (
				07F88E2F2C32F98800EA5404 /* AppDelegate.swift */,
				07F88E312C32F98800EA5404 /* SceneDelegate.swift */,
				07F88E332C32F98800EA5404 /* ViewController.swift */,
				07A068542C335BC4004F63BB /* SecondViewController.swift */,
				0710219E2C348CD900337ED3 /* TabBarVC.swift */,
				07F88E352C32F98800EA5404 /* Main.storyboard */,
				071021962C3485EC00337ED3 /* Library.storyboard */,
				0710219A2C348B8E00337ED3 /* LibraryVC.swift */,
				07FC3C432C34D3FF0048FCE7 /* SecLibraryVC.swift */,
				077EC1A52C34B6D600AD02AF /* CellLibraryVC.swift */,
				071021982C34861F00337ED3 /* Favourite.storyboard */,
				07F282292C3507EF00F1B3B7 /* FavouriteVC.swift */,
				07F282272C35074600F1B3B7 /* CellFavouriteVC.swift */,
				07F88E382C32F98A00EA5404 /* Assets.xcassets */,
				07F88E3A2C32F98A00EA5404 /* LaunchScreen.storyboard */,
				07F88E3D2C32F98A00EA5404 /* Info.plist */,
			);
			name = HW2;
			path = /Users/bigbobabudaby/Desktop/HW3/HW2;
			sourceTree = "<absolute>";
		};
/* End PBXGroup section */

/* Begin PBXNativeTarget section */
		07F88E2B2C32F98800EA5404 /* HW3 */ = {
			isa = PBXNativeTarget;
			buildConfigurationList = 07F88E402C32F98A00EA5404 /* Build configuration list for PBXNativeTarget "HW3" */;
			buildPhases = (
				07F88E282C32F98800EA5404 /* Sources */,
				07F88E292C32F98800EA5404 /* Frameworks */,
				07F88E2A2C32F98800EA5404 /* Resources */,
			);
			buildRules = (
			);
			dependencies = (
			);
			name = HW3;
			productName = HW2;
			productReference = 07F88E2C2C32F98800EA5404 /* HW3.app */;
			productType = "com.apple.product-type.application";
		};
/* End PBXNativeTarget section */

/* Begin PBXProject section */
		07F88E242C32F98800EA5404 /* Project object */ = {
			isa = PBXProject;
			attributes = {
				BuildIndependentTargetsInParallel = 1;
				LastSwiftUpdateCheck = 1540;
				LastUpgradeCheck = 1540;
				TargetAttributes = {
					07F88E2B2C32F98800EA5404 = {
						CreatedOnToolsVersion = 15.4;
					};
				};
			};
			buildConfigurationList = 07F88E272C32F98800EA5404 /* Build configuration list for PBXProject "HW3" */;
			compatibilityVersion = "Xcode 14.0";
			developmentRegion = en;
			hasScannedForEncodings = 0;
			knownRegions = (
				en,
				Base,
			);
			mainGroup = 07F88E232C32F98800EA5404;
			productRefGroup = 07F88E2D2C32F98800EA5404 /* Products */;
			projectDirPath = "";
			projectRoot = "";
			targets = (
				07F88E2B2C32F98800EA5404 /* HW3 */,
			);
		};
/* End PBXProject section */

/* Begin PBXResourcesBuildPhase section */
		07F88E2A2C32F98800EA5404 /* Resources */ = {
			isa = PBXResourcesBuildPhase;
			buildActionMask = 2147483647;
			files = (
				07F88E392C32F98A00EA5404 /* Assets.xcassets in Resources */,
				07F88E3C2C32F98A00EA5404 /* Base in Resources */,
				071021972C3485EC00337ED3 /* Library.storyboard in Resources */,
				071021992C34861F00337ED3 /* Favourite.storyboard in Resources */,
				07F88E372C32F98800EA5404 /* Base in Resources */,
			);
			runOnlyForDeploymentPostprocessing = 0;
		};
/* End PBXResourcesBuildPhase section */

/* Begin PBXSourcesBuildPhase section */
		07F88E282C32F98800EA5404 /* Sources */ = {
			isa = PBXSourcesBuildPhase;
			buildActionMask = 2147483647;
			files = (
				07A068552C335BC4004F63BB /* SecondViewController.swift in Sources */,
				07F88E342C32F98800EA5404 /* ViewController.swift in Sources */,
				07F282282C35074600F1B3B7 /* CellFavouriteVC.swift in Sources */,
				07F88E302C32F98800EA5404 /* AppDelegate.swift in Sources */,
				077EC1A62C34B6D600AD02AF /* CellLibraryVC.swift in Sources */,
				07F88E322C32F98800EA5404 /* SceneDelegate.swift in Sources */,
				07F2822A2C3507EF00F1B3B7 /* FavouriteVC.swift in Sources */,
				0710219F2C348CD900337ED3 /* TabBarVC.swift in Sources */,
				07FC3C442C34D3FF0048FCE7 /* SecLibraryVC.swift in Sources */,
				0710219B2C348B8E00337ED3 /* LibraryVC.swift in Sources */,
			);
			runOnlyForDeploymentPostprocessing = 0;
		};
/* End PBXSourcesBuildPhase section */

/* Begin PBXVariantGroup section */
		07F88E352C32F98800EA5404 /* Main.storyboard */ = {
			isa = PBXVariantGroup;
			children = (
				07F88E362C32F98800EA5404 /* Base */,
			);
			name = Main.storyboard;
			sourceTree = "<group>";
		};
		07F88E3A2C32F98A00EA5404 /* LaunchScreen.storyboard */ = {
			isa = PBXVariantGroup;
			children = (
				07F88E3B2C32F98A00EA5404 /* Base */,
			);
			name = LaunchScreen.storyboard;
			sourceTree = "<group>";
		};
/* End PBXVariantGroup section */

/* Begin XCBuildConfiguration section */
		07F88E3E2C32F98A00EA5404 /* Debug */ = {
			isa = XCBuildConfiguration;
			buildSettings = {
				ALWAYS_SEARCH_USER_PATHS = NO;
				ASSETCATALOG_COMPILER_GENERATE_SWIFT_ASSET_SYMBOL_EXTENSIONS = YES;
				CLANG_ANALYZER_NONNULL = YES;
				CLANG_ANALYZER_NUMBER_OBJECT_CONVERSION = YES_AGGRESSIVE;
				CLANG_CXX_LANGUAGE_STANDARD = "gnu++20";
				CLANG_ENABLE_MODULES = YES;
				CLANG_ENABLE_OBJC_ARC = YES;
				CLANG_ENABLE_OBJC_WEAK = YES;
				CLANG_WARN_BLOCK_CAPTURE_AUTORELEASING = YES;
				CLANG_WARN_BOOL_CONVERSION = YES;
				CLANG_WARN_COMMA = YES;
				CLANG_WARN_CONSTANT_CONVERSION = YES;
				CLANG_WARN_DEPRECATED_OBJC_IMPLEMENTATIONS = YES;
				CLANG_WARN_DIRECT_OBJC_ISA_USAGE = YES_ERROR;
				CLANG_WARN_DOCUMENTATION_COMMENTS = YES;
				CLANG_WARN_EMPTY_BODY = YES;
				CLANG_WARN_ENUM_CONVERSION = YES;
				CLANG_WARN_INFINITE_RECURSION = YES;
				CLANG_WARN_INT_CONVERSION = YES;
				CLANG_WARN_NON_LITERAL_NULL_CONVERSION = YES;
				CLANG_WARN_OBJC_IMPLICIT_RETAIN_SELF = YES;
				CLANG_WARN_OBJC_LITERAL_CONVERSION = YES;
				CLANG_WARN_OBJC_ROOT_CLASS = YES_ERROR;
				CLANG_WARN_QUOTED_INCLUDE_IN_FRAMEWORK_HEADER = YES;
				CLANG_WARN_RANGE_LOOP_ANALYSIS = YES;
				CLANG_WARN_STRICT_PROTOTYPES = YES;
				CLANG_WARN_SUSPICIOUS_MOVE = YES;
				CLANG_WARN_UNGUARDED_AVAILABILITY = YES_AGGRESSIVE;
				CLANG_WARN_UNREACHABLE_CODE = YES;
				CLANG_WARN__DUPLICATE_METHOD_MATCH = YES;
				COPY_PHASE_STRIP = NO;
				DEBUG_INFORMATION_FORMAT = dwarf;
				ENABLE_STRICT_OBJC_MSGSEND = YES;
				ENABLE_TESTABILITY = YES;
				ENABLE_USER_SCRIPT_SANDBOXING = YES;
				GCC_C_LANGUAGE_STANDARD = gnu17;
				GCC_DYNAMIC_NO_PIC = NO;
				GCC_NO_COMMON_BLOCKS = YES;
				GCC_OPTIMIZATION_LEVEL = 0;
				GCC_PREPROCESSOR_DEFINITIONS = (
					"DEBUG=1",
					"$(inherited)",
				);
				GCC_WARN_64_TO_32_BIT_CONVERSION = YES;
				GCC_WARN_ABOUT_RETURN_TYPE = YES_ERROR;
				GCC_WARN_UNDECLARED_SELECTOR = YES;
				GCC_WARN_UNINITIALIZED_AUTOS = YES_AGGRESSIVE;
				GCC_WARN_UNUSED_FUNCTION = YES;
				GCC_WARN_UNUSED_VARIABLE = YES;
				IPHONEOS_DEPLOYMENT_TARGET = 17.5;
				LOCALIZATION_PREFERS_STRING_CATALOGS = YES;
				MTL_ENABLE_DEBUG_INFO = INCLUDE_SOURCE;
				MTL_FAST_MATH = YES;
				ONLY_ACTIVE_ARCH = YES;
				SDKROOT = iphoneos;
				SWIFT_ACTIVE_COMPILATION_CONDITIONS = "DEBUG $(inherited)";
				SWIFT_OPTIMIZATION_LEVEL = "-Onone";
			};
			name = Debug;
		};
		07F88E3F2C32F98A00EA5404 /* Release */ = {
			isa = XCBuildConfiguration;
			buildSettings = {
				ALWAYS_SEARCH_USER_PATHS = NO;
				ASSETCATALOG_COMPILER_GENERATE_SWIFT_ASSET_SYMBOL_EXTENSIONS = YES;
				CLANG_ANALYZER_NONNULL = YES;
				CLANG_ANALYZER_NUMBER_OBJECT_CONVERSION = YES_AGGRESSIVE;
				CLANG_CXX_LANGUAGE_STANDARD = "gnu++20";
				CLANG_ENABLE_MODULES = YES;
				CLANG_ENABLE_OBJC_ARC = YES;
				CLANG_ENABLE_OBJC_WEAK = YES;
				CLANG_WARN_BLOCK_CAPTURE_AUTORELEASING = YES;
				CLANG_WARN_BOOL_CONVERSION = YES;
				CLANG_WARN_COMMA = YES;
				CLANG_WARN_CONSTANT_CONVERSION = YES;
				CLANG_WARN_DEPRECATED_OBJC_IMPLEMENTATIONS = YES;
				CLANG_WARN_DIRECT_OBJC_ISA_USAGE = YES_ERROR;
				CLANG_WARN_DOCUMENTATION_COMMENTS = YES;
				CLANG_WARN_EMPTY_BODY = YES;
				CLANG_WARN_ENUM_CONVERSION = YES;
				CLANG_WARN_INFINITE_RECURSION = YES;
				CLANG_WARN_INT_CONVERSION = YES;
				CLANG_WARN_NON_LITERAL_NULL_CONVERSION = YES;
				CLANG_WARN_OBJC_IMPLICIT_RETAIN_SELF = YES;
				CLANG_WARN_OBJC_LITERAL_CONVERSION = YES;
				CLANG_WARN_OBJC_ROOT_CLASS = YES_ERROR;
				CLANG_WARN_QUOTED_INCLUDE_IN_FRAMEWORK_HEADER = YES;
				CLANG_WARN_RANGE_LOOP_ANALYSIS = YES;
				CLANG_WARN_STRICT_PROTOTYPES = YES;
				CLANG_WARN_SUSPICIOUS_MOVE = YES;
				CLANG_WARN_UNGUARDED_AVAILABILITY = YES_AGGRESSIVE;
				CLANG_WARN_UNREACHABLE_CODE = YES;
				CLANG_WARN__DUPLICATE_METHOD_MATCH = YES;
				COPY_PHASE_STRIP = NO;
				DEBUG_INFORMATION_FORMAT = "dwarf-with-dsym";
				ENABLE_NS_ASSERTIONS = NO;
				ENABLE_STRICT_OBJC_MSGSEND = YES;
				ENABLE_USER_SCRIPT_SANDBOXING = YES;
				GCC_C_LANGUAGE_STANDARD = gnu17;
				GCC_NO_COMMON_BLOCKS = YES;
				GCC_WARN_64_TO_32_BIT_CONVERSION = YES;
				GCC_WARN_ABOUT_RETURN_TYPE = YES_ERROR;
				GCC_WARN_UNDECLARED_SELECTOR = YES;
				GCC_WARN_UNINITIALIZED_AUTOS = YES_AGGRESSIVE;
				GCC_WARN_UNUSED_FUNCTION = YES;
				GCC_WARN_UNUSED_VARIABLE = YES;
				IPHONEOS_DEPLOYMENT_TARGET = 17.5;
				LOCALIZATION_PREFERS_STRING_CATALOGS = YES;
				MTL_ENABLE_DEBUG_INFO = NO;
				MTL_FAST_MATH = YES;
				SDKROOT = iphoneos;
				SWIFT_COMPILATION_MODE = wholemodule;
				VALIDATE_PRODUCT = YES;
			};
			name = Release;
		};
		07F88E412C32F98A00EA5404 /* Debug */ = {
			isa = XCBuildConfiguration;
			buildSettings = {
				ASSETCATALOG_COMPILER_APPICON_NAME = AppIcon;
				ASSETCATALOG_COMPILER_GLOBAL_ACCENT_COLOR_NAME = AccentColor;
				CODE_SIGN_STYLE = Automatic;
				CURRENT_PROJECT_VERSION = 1;
				DEVELOPMENT_TEAM = L524587C34;
				GENERATE_INFOPLIST_FILE = YES;
				INFOPLIST_FILE = HW2/Info.plist;
				INFOPLIST_KEY_UIApplicationSupportsIndirectInputEvents = YES;
				INFOPLIST_KEY_UILaunchStoryboardName = LaunchScreen;
				INFOPLIST_KEY_UIMainStoryboardFile = Main;
				INFOPLIST_KEY_UISupportedInterfaceOrientations_iPad = "UIInterfaceOrientationPortrait UIInterfaceOrientationPortraitUpsideDown UIInterfaceOrientationLandscapeLeft UIInterfaceOrientationLandscapeRight";
				INFOPLIST_KEY_UISupportedInterfaceOrientations_iPhone = "UIInterfaceOrientationPortrait UIInterfaceOrientationLandscapeLeft UIInterfaceOrientationLandscapeRight";
				LD_RUNPATH_SEARCH_PATHS = (
					"$(inherited)",
					"@executable_path/Frameworks",
				);
				MARKETING_VERSION = 1.0;
				PRODUCT_BUNDLE_IDENTIFIER = com.Dmitry.HW2;
				PRODUCT_NAME = "$(TARGET_NAME)";
				SWIFT_EMIT_LOC_STRINGS = YES;
				SWIFT_VERSION = 5.0;
				TARGETED_DEVICE_FAMILY = "1,2";
			};
			name = Debug;
		};
		07F88E422C32F98A00EA5404 /* Release */ = {
			isa = XCBuildConfiguration;
			buildSettings = {
				ASSETCATALOG_COMPILER_APPICON_NAME = AppIcon;
				ASSETCATALOG_COMPILER_GLOBAL_ACCENT_COLOR_NAME = AccentColor;
				CODE_SIGN_STYLE = Automatic;
				CURRENT_PROJECT_VERSION = 1;
				DEVELOPMENT_TEAM = L524587C34;
				GENERATE_INFOPLIST_FILE = YES;
				INFOPLIST_FILE = HW2/Info.plist;
				INFOPLIST_KEY_UIApplicationSupportsIndirectInputEvents = YES;
				INFOPLIST_KEY_UILaunchStoryboardName = LaunchScreen;
				INFOPLIST_KEY_UIMainStoryboardFile = Main;
				INFOPLIST_KEY_UISupportedInterfaceOrientations_iPad = "UIInterfaceOrientationPortrait UIInterfaceOrientationPortraitUpsideDown UIInterfaceOrientationLandscapeLeft UIInterfaceOrientationLandscapeRight";
				INFOPLIST_KEY_UISupportedInterfaceOrientations_iPhone = "UIInterfaceOrientationPortrait UIInterfaceOrientationLandscapeLeft UIInterfaceOrientationLandscapeRight";
				LD_RUNPATH_SEARCH_PATHS = (
					"$(inherited)",
					"@executable_path/Frameworks",
				);
				MARKETING_VERSION = 1.0;
				PRODUCT_BUNDLE_IDENTIFIER = com.Dmitry.HW2;
				PRODUCT_NAME = "$(TARGET_NAME)";
				SWIFT_EMIT_LOC_STRINGS = YES;
				SWIFT_VERSION = 5.0;
				TARGETED_DEVICE_FAMILY = "1,2";
			};
			name = Release;
		};
/* End XCBuildConfiguration section */

/* Begin XCConfigurationList section */
		07F88E272C32F98800EA5404 /* Build configuration list for PBXProject "HW3" */ = {
			isa = XCConfigurationList;
			buildConfigurations = (
				07F88E3E2C32F98A00EA5404 /* Debug */,
				07F88E3F2C32F98A00EA5404 /* Release */,
			);
			defaultConfigurationIsVisible = 0;
			defaultConfigurationName = Release;
		};
		07F88E402C32F98A00EA5404 /* Build configuration list for PBXNativeTarget "HW3" */ = {
			isa = XCConfigurationList;
			buildConfigurations = (
				07F88E412C32F98A00EA5404 /* Debug */,
				07F88E422C32F98A00EA5404 /* Release */,
			);
			defaultConfigurationIsVisible = 0;
			defaultConfigurationName = Release;
		};
/* End XCConfigurationList section */
	};
	rootObject = 07F88E242C32F98800EA5404 /* Project object */;
}
